{
  "version": "2",
  "remote": {
    "https://deno.land/std@0.171.0/_util/asserts.ts": "178dfc49a464aee693a7e285567b3d0b555dc805ff490505a8aae34f9cfb1462",
    "https://deno.land/std@0.171.0/_util/os.ts": "d932f56d41e4f6a6093d56044e29ce637f8dcc43c5a90af43504a889cf1775e3",
    "https://deno.land/std@0.171.0/flags/mod.ts": "d1cdefa18472ef69858a17df5cf7c98445ed27ac10e1460183081303b0ebc270",
    "https://deno.land/std@0.171.0/fs/_util.ts": "65381f341af1ff7f40198cee15c20f59951ac26e51ddc651c5293e24f9ce6f32",
    "https://deno.land/std@0.171.0/fs/copy.ts": "14214efd94fc3aa6db1e4af2b4b9578e50f7362b7f3725d5a14ad259a5df26c8",
    "https://deno.land/std@0.171.0/fs/empty_dir.ts": "c3d2da4c7352fab1cf144a1ecfef58090769e8af633678e0f3fabaef98594688",
    "https://deno.land/std@0.171.0/fs/ensure_dir.ts": "724209875497a6b4628dfb256116e5651c4f7816741368d6c44aab2531a1e603",
    "https://deno.land/std@0.171.0/fs/ensure_file.ts": "c38602670bfaf259d86ca824a94e6cb9e5eb73757fefa4ebf43a90dd017d53d9",
    "https://deno.land/std@0.171.0/fs/ensure_link.ts": "c0f5b2f0ec094ed52b9128eccb1ee23362a617457aa0f699b145d4883f5b2fb4",
    "https://deno.land/std@0.171.0/fs/ensure_symlink.ts": "2955cc8332aeca9bdfefd05d8d3976b94e282b0f353392a71684808ed2ffdd41",
    "https://deno.land/std@0.171.0/fs/eol.ts": "f1f2eb348a750c34500741987b21d65607f352cf7205f48f4319d417fff42842",
    "https://deno.land/std@0.171.0/fs/exists.ts": "b8c8a457b71e9d7f29b9d2f87aad8dba2739cbe637e8926d6ba6e92567875f8e",
    "https://deno.land/std@0.171.0/fs/expand_glob.ts": "536055845aafc32de7e7a46c3b778a741825d5e2ed8580d9851a01ec7a5adf2e",
    "https://deno.land/std@0.171.0/fs/mod.ts": "bc3d0acd488cc7b42627044caf47d72019846d459279544e1934418955ba4898",
    "https://deno.land/std@0.171.0/fs/move.ts": "4cb47f880e3f0582c55e71c9f8b1e5e8cfaacb5e84f7390781dd563b7298ec19",
    "https://deno.land/std@0.171.0/fs/walk.ts": "ea95ffa6500c1eda6b365be488c056edc7c883a1db41ef46ec3bf057b1c0fe32",
    "https://deno.land/std@0.171.0/path/_constants.ts": "e49961f6f4f48039c0dfed3c3f93e963ca3d92791c9d478ac5b43183413136e0",
    "https://deno.land/std@0.171.0/path/_interface.ts": "6471159dfbbc357e03882c2266d21ef9afdb1e4aa771b0545e90db58a0ba314b",
    "https://deno.land/std@0.171.0/path/_util.ts": "86c2375a996c1931b2f2ac71fefd5ddf0cf0e579fa4ab12d3e4c552d4223b8d8",
    "https://deno.land/std@0.171.0/path/common.ts": "ee7505ab01fd22de3963b64e46cff31f40de34f9f8de1fff6a1bd2fe79380000",
    "https://deno.land/std@0.171.0/path/glob.ts": "d479e0a695621c94d3fd7fe7abd4f9499caf32a8de13f25073451c6ef420a4e1",
    "https://deno.land/std@0.171.0/path/mod.ts": "4b83694ac500d7d31b0cdafc927080a53dc0c3027eb2895790fb155082b0d232",
    "https://deno.land/std@0.171.0/path/posix.ts": "2ecc259e6f34013889b7638ff90339a82d8178f629155761ce6001e41af55a43",
    "https://deno.land/std@0.171.0/path/separator.ts": "0fb679739d0d1d7bf45b68dacfb4ec7563597a902edbaf3c59b50d5bcadd93b1",
    "https://deno.land/std@0.171.0/path/win32.ts": "99170a0eb0e2b1ce41499c1e86bb55320cb6606299ad947f57ee0a291cdb93d5",
    "https://deno.land/x/denoflate@1.2.1/mod.ts": "f5628e44b80b3d80ed525afa2ba0f12408e3849db817d47a883b801f9ce69dd6",
    "https://deno.land/x/denoflate@1.2.1/pkg/denoflate.js": "b9f9ad9457d3f12f28b1fb35c555f57443427f74decb403113d67364e4f2caf4",
    "https://deno.land/x/denoflate@1.2.1/pkg/denoflate_bg.wasm.js": "d581956245407a2115a3d7e8d85a9641c032940a8e810acbd59ca86afd34d44d",
    "https://deno.land/x/esbuild@v0.16.14/mod.d.ts": "ba628b40774fe402b48b40ae622d5825b98a8714a8c5501dd30482ec3f52a5ea",
    "https://deno.land/x/esbuild@v0.16.14/mod.js": "c3deca0b5e322197ae382cf343dab6fb4cf0d32c9597d192839d91efd11f7f44",
    "https://deno.land/x/slash@v0.3.0/mod.ts": "bac6b63a39878f394667a45121f59c8919ae8747b953a275aaf089058c031e7e",
    "https://raw.githubusercontent.com/EthanThatOneKid/bmt/main/build/bookmarklet/build.ts": "877cf54addbb718658dcf85632a95bd8993735b98c9508c9c08b8906cca161a3",
    "https://raw.githubusercontent.com/EthanThatOneKid/bmt/main/build/bookmarklet/mod.ts": "e400c4d1f36b2866bbef239f0fe7813f8a674a08769c9ab1d04d4132374f9020",
    "https://raw.githubusercontent.com/EthanThatOneKid/bmt/main/build/js/build.ts": "999a155fb06e6c4f0b70d0407c491006a1bbbc2aa3830e06b858761b1f687408",
    "https://raw.githubusercontent.com/EthanThatOneKid/bmt/main/build/js/mod.ts": "e400c4d1f36b2866bbef239f0fe7813f8a674a08769c9ab1d04d4132374f9020",
    "https://raw.githubusercontent.com/EthanThatOneKid/bmt/main/build/md/build.ts": "24b78210a24ab5b89eea6d58acef8a1acac08aeec39bd968ac6787727be2a05b",
    "https://raw.githubusercontent.com/EthanThatOneKid/bmt/main/build/md/mod.ts": "e400c4d1f36b2866bbef239f0fe7813f8a674a08769c9ab1d04d4132374f9020",
    "https://raw.githubusercontent.com/EthanThatOneKid/bmt/main/build/mod.ts": "398d79ed2865f34f390d885d47ffc40905968841d4802f9ae40fbfa37429cc28",
    "https://raw.githubusercontent.com/EthanThatOneKid/bmt/main/deps.ts": "90498c0784bf8edc37f72f3712f5d206b9f107bc4dbe326825ac54e0fde5d8e3",
    "https://raw.githubusercontent.com/EthanThatOneKid/bmt/main/examples_gen.ts": "0b53d0b8c9c88663c5222713f844da8a96d23bc1728043e9bdd6ff2b5cfae456"
  }
}
